
Microsoft Visual Studio Solution File, Format Version 12.00
# Visual Studio 15
VisualStudioVersion = 15.0.27130.2036
MinimumVisualStudioVersion = 10.0.40219.1
Project("{FAE04EC0-301F-11D3-BF4B-00C04F79EFBC}") = "ProyectoWeb1Ricardo.Web", "ProyectoWeb1Ricardo.Web\ProyectoWeb1Ricardo.Web.csproj", "{37520F55-9799-44AD-ADA8-355BF122E0F7}"
EndProject
Project("{FAE04EC0-301F-11D3-BF4B-00C04F79EFBC}") = "ProyectoWeb1Ricardo.Logica", "ProyectoWeb1Ricardo.Logica\ProyectoWeb1Ricardo.Logica.csproj", "{19E6ACEB-C58D-4098-A9B9-2636041A8AA1}"
EndProject
Global
	GlobalSection(SolutionConfigurationPlatforms) = preSolution
		Debug|Any CPU = Debug|Any CPU
		Release|Any CPU = Release|Any CPU
	EndGlobalSection
	GlobalSection(ProjectConfigurationPlatforms) = postSolution
		{37520F55-9799-44AD-ADA8-355BF122E0F7}.Debug|Any CPU.ActiveCfg = Debug|Any CPU
		{37520F55-9799-44AD-ADA8-355BF122E0F7}.Debug|Any CPU.Build.0 = Debug|Any CPU
		{37520F55-9799-44AD-ADA8-355BF122E0F7}.Release|Any CPU.ActiveCfg = Release|Any CPU
		{37520F55-9799-44AD-ADA8-355BF122E0F7}.Release|Any CPU.Build.0 = Release|Any CPU
		{19E6ACEB-C58D-4098-A9B9-2636041A8AA1}.Debug|Any CPU.ActiveCfg = Debug|Any CPU
		{19E6ACEB-C58D-4098-A9B9-2636041A8AA1}.Debug|Any CPU.Build.0 = Debug|Any CPU
		{19E6ACEB-C58D-4098-A9B9-2636041A8AA1}.Release|Any CPU.ActiveCfg = Release|Any CPU
		{19E6ACEB-C58D-4098-A9B9-2636041A8AA1}.Release|Any CPU.Build.0 = Release|Any CPU
	EndGlobalSection
	GlobalSection(SolutionProperties) = preSolution
		HideSolutionNode = FALSE
	EndGlobalSection
	GlobalSection(ExtensibilityGlobals) = postSolution
		SolutionGuid = {3BEF5904-A7E8-4D17-80C5-43F4E8C1D817}
	EndGlobalSection
EndGlobal
